
Microsoft Visual Studio Solution File, Format Version 12.00
# Visual Studio Version 16
VisualStudioVersion = 16.0.31702.278
MinimumVisualStudioVersion = 10.0.40219.1
Project("{9A19103F-16F7-4668-BE54-9A1E7A4F7556}") = "DevIO.Business", "src\DevIO.Business\DevIO.Business.csproj", "{3DABBADF-BE2D-4F76-8962-A39EDA191E82}"
EndProject
Project("{9A19103F-16F7-4668-BE54-9A1E7A4F7556}") = "DevIO.Data", "src\DevIO.Data\DevIO.Data.csproj", "{89333793-7445-4259-8DDD-6CB72243A27F}"
EndProject
Project("{FAE04EC0-301F-11D3-BF4B-00C04F79EFBC}") = "DevIO.Api", "src\DevIO.Api\DevIO.Api.csproj", "{0A86A885-5C55-4AC6-9994-1427F1CF3FAB}"
EndProject
Global
	GlobalSection(SolutionConfigurationPlatforms) = preSolution
		Debug|Any CPU = Debug|Any CPU
		Release|Any CPU = Release|Any CPU
	EndGlobalSection
	GlobalSection(ProjectConfigurationPlatforms) = postSolution
		{3DABBADF-BE2D-4F76-8962-A39EDA191E82}.Debug|Any CPU.ActiveCfg = Debug|Any CPU
		{3DABBADF-BE2D-4F76-8962-A39EDA191E82}.Debug|Any CPU.Build.0 = Debug|Any CPU
		{3DABBADF-BE2D-4F76-8962-A39EDA191E82}.Release|Any CPU.ActiveCfg = Release|Any CPU
		{3DABBADF-BE2D-4F76-8962-A39EDA191E82}.Release|Any CPU.Build.0 = Release|Any CPU
		{89333793-7445-4259-8DDD-6CB72243A27F}.Debug|Any CPU.ActiveCfg = Debug|Any CPU
		{89333793-7445-4259-8DDD-6CB72243A27F}.Debug|Any CPU.Build.0 = Debug|Any CPU
		{89333793-7445-4259-8DDD-6CB72243A27F}.Release|Any CPU.ActiveCfg = Release|Any CPU
		{89333793-7445-4259-8DDD-6CB72243A27F}.Release|Any CPU.Build.0 = Release|Any CPU
		{0A86A885-5C55-4AC6-9994-1427F1CF3FAB}.Debug|Any CPU.ActiveCfg = Debug|Any CPU
		{0A86A885-5C55-4AC6-9994-1427F1CF3FAB}.Debug|Any CPU.Build.0 = Debug|Any CPU
		{0A86A885-5C55-4AC6-9994-1427F1CF3FAB}.Release|Any CPU.ActiveCfg = Release|Any CPU
		{0A86A885-5C55-4AC6-9994-1427F1CF3FAB}.Release|Any CPU.Build.0 = Release|Any CPU
	EndGlobalSection
	GlobalSection(SolutionProperties) = preSolution
		HideSolutionNode = FALSE
	EndGlobalSection
	GlobalSection(ExtensibilityGlobals) = postSolution
		SolutionGuid = {F1FF3B5C-1D23-4E8F-9F73-CC838F0EF29D}
	EndGlobalSection
EndGlobal
